
Microsoft Visual Studio Solution File, Format Version 12.00
# Visual Studio Version 17
VisualStudioVersion = 17.5.33516.290
MinimumVisualStudioVersion = 10.0.40219.1
Project("{9A19103F-16F7-4668-BE54-9A1E7A4F7556}") = "BMECat.net", "..\BMECat.net\BMECat.net.csproj", "{EA9E3644-02DA-4A01-BA5A-86CF705533B9}"
EndProject
Project("{FAE04EC0-301F-11D3-BF4B-00C04F79EFBC}") = "BMECat.net-Test", "..\BMECat.net-Test\BMECat.net-Test.csproj", "{867A9FF9-D10C-495C-8A00-898156C5992A}"
EndProject
Global
	GlobalSection(SolutionConfigurationPlatforms) = preSolution
		Debug|Any CPU = Debug|Any CPU
		Release|Any CPU = Release|Any CPU
	EndGlobalSection
	GlobalSection(ProjectConfigurationPlatforms) = postSolution
		{EA9E3644-02DA-4A01-BA5A-86CF705533B9}.Debug|Any CPU.ActiveCfg = Debug|Any CPU
		{EA9E3644-02DA-4A01-BA5A-86CF705533B9}.Debug|Any CPU.Build.0 = Debug|Any CPU
		{EA9E3644-02DA-4A01-BA5A-86CF705533B9}.Release|Any CPU.ActiveCfg = Release|Any CPU
		{EA9E3644-02DA-4A01-BA5A-86CF705533B9}.Release|Any CPU.Build.0 = Release|Any CPU
		{867A9FF9-D10C-495C-8A00-898156C5992A}.Debug|Any CPU.ActiveCfg = Debug|Any CPU
		{867A9FF9-D10C-495C-8A00-898156C5992A}.Debug|Any CPU.Build.0 = Debug|Any CPU
		{867A9FF9-D10C-495C-8A00-898156C5992A}.Release|Any CPU.ActiveCfg = Release|Any CPU
		{867A9FF9-D10C-495C-8A00-898156C5992A}.Release|Any CPU.Build.0 = Release|Any CPU
	EndGlobalSection
	GlobalSection(SolutionProperties) = preSolution
		HideSolutionNode = FALSE
	EndGlobalSection
	GlobalSection(ExtensibilityGlobals) = postSolution
		SolutionGuid = {9DAB377A-F13B-4CC1-913C-136B2E393F51}
	EndGlobalSection
EndGlobal
